<?xml version="1.0" encoding="utf-8"?>
<Project ToolsVersion="4.0" xmlns="http://schemas.microsoft.com/developer/msbuild/2003">
  <ItemGroup>
    <Filter Include="Header Files">
      <UniqueIdentifier>{93995380-89BD-4b04-88EB-625FBE52EBFB}</UniqueIdentifier>
      <Extensions>h;hpp;hxx;hm;inl;inc;xsd</Extensions>
    </Filter>
    <Filter Include="Driver Files">
      <UniqueIdentifier>{8E41214B-6785-4CFE-B992-037D68949A14}</UniqueIdentifier>
      <Extensions>inf;inv;inx;mof;mc;</Extensions>
    </Filter>
    <Filter Include="BuildIo_Handlers">
      <UniqueIdentifier>{287701ac-e5ba-4c52-8cff-3cc623f57c04}</UniqueIdentifier>
    </Filter>
    <Filter Include="StartIo_Handlers">
      <UniqueIdentifier>{d01b735d-9d74-4757-a045-4f26acb6772f}</UniqueIdentifier>
    </Filter>
    <Filter Include="SCSI_Handlers">
      <UniqueIdentifier>{abf383f4-256a-42b7-a3fa-be1767784a3a}</UniqueIdentifier>
    </Filter>
    <Filter Include="DriverMain">
      <UniqueIdentifier>{4FC737F1-C7A5-4376-A066-2A32D752A2FF}</UniqueIdentifier>
      <Extensions>cpp;c;cc;cxx;def;odl;idl;hpj;bat;asm;asmx</Extensions>
    </Filter>
    <Filter Include="ISR_and_DPC">
      <UniqueIdentifier>{241797aa-4e4a-4272-8b64-edace1d2dcb0}</UniqueIdentifier>
    </Filter>
    <Filter Include="Nvme_Handlers">
      <UniqueIdentifier>{e936662c-51e4-464a-979b-f74a7f4c0686}</UniqueIdentifier>
    </Filter>
    <Filter Include="SRB_Handlers">
      <UniqueIdentifier>{c4547e9c-1600-4199-8c01-a1c99755a8a0}</UniqueIdentifier>
    </Filter>
    <Filter Include="Nvme_Device">
      <UniqueIdentifier>{67DA6AB6-F800-4c08-8B7A-83BB121AAD01}</UniqueIdentifier>
      <Extensions>rc;ico;cur;bmp;dlg;rc2;rct;bin;rgs;gif;jpg;jpeg;jpe;resx;tiff;tif;png;wav;mfcribbon-ms</Extensions>
    </Filter>
  </ItemGroup>
  <ItemGroup>
    <Inf Include="SpcNvme.inf">
      <Filter>Driver Files</Filter>
    </Inf>
  </ItemGroup>
  <ItemGroup>
    <ClCompile Include="DriverEntry.cpp">
      <Filter>DriverMain</Filter>
    </ClCompile>
    <ClCompile Include="MiniportFunctions.cpp">
      <Filter>DriverMain</Filter>
    </ClCompile>
    <ClCompile Include="NvmeDevice.cpp">
      <Filter>Nvme_Device</Filter>
    </ClCompile>
    <ClCompile Include="NvmeQueue.cpp">
      <Filter>Nvme_Device</Filter>
    </ClCompile>
    <ClCompile Include="Srb_Utils.cpp">
      <Filter>SRB_Handlers</Filter>
    </ClCompile>
    <ClCompile Include="ScsiHandler_CDB6.cpp">
      <Filter>SCSI_Handlers</Filter>
    </ClCompile>
    <ClCompile Include="ScsiHandler_CDB10.cpp">
      <Filter>SCSI_Handlers</Filter>
    </ClCompile>
    <ClCompile Include="ScsiHandler_CDB12.cpp">
      <Filter>SCSI_Handlers</Filter>
    </ClCompile>
    <ClCompile Include="ScsiHandler_CDB16.cpp">
      <Filter>SCSI_Handlers</Filter>
    </ClCompile>
    <ClCompile Include="MSIX_and_DPC.cpp">
      <Filter>ISR_and_DPC</Filter>
    </ClCompile>
    <ClCompile Include="BuildIo_Handler.cpp">
      <Filter>BuildIo_Handlers</Filter>
    </ClCompile>
    <ClCompile Include="StartIo_Handler.cpp">
      <Filter>StartIo_Handlers</Filter>
    </ClCompile>
    <ClCompile Include="NvmeCommander.cpp">
      <Filter>Nvme_Handlers</Filter>
    </ClCompile>
    <ClCompile Include="SrbStatus_Translator.cpp">
      <Filter>SRB_Handlers</Filter>
    </ClCompile>
  </ItemGroup>
  <ItemGroup>
    <ClInclude Include="MiniportFunctions.h">
      <Filter>Header Files</Filter>
    </ClInclude>
    <ClInclude Include="pch.h">
      <Filter>Header Files</Filter>
    </ClInclude>
    <ClInclude Include="Constants.h">
      <Filter>Header Files</Filter>
    </ClInclude>
    <ClInclude Include="StateMachine.h">
      <Filter>Header Files</Filter>
    </ClInclude>
    <ClInclude Include="MiniportContext.h">
      <Filter>Header Files</Filter>
    </ClInclude>
    <ClInclude Include="Inline_Utils.h">
      <Filter>Header Files</Filter>
    </ClInclude>
    <ClInclude Include="NvmeDevice.h">
      <Filter>Nvme_Device</Filter>
    </ClInclude>
    <ClInclude Include="NvmeQueue.h">
      <Filter>Nvme_Device</Filter>
    </ClInclude>
    <ClInclude Include="PoolTags.h">
      <Filter>Header Files</Filter>
    </ClInclude>
    <ClInclude Include="Srb_Utils.h">
      <Filter>SRB_Handlers</Filter>
    </ClInclude>
    <ClInclude Include="BuildIo_Handlers.h">
      <Filter>BuildIo_Handlers</Filter>
    </ClInclude>
    <ClInclude Include="ScsiHandler_CDB6.h">
      <Filter>SCSI_Handlers</Filter>
    </ClInclude>
    <ClInclude Include="ScsiHandler_CDB10.h">
      <Filter>SCSI_Handlers</Filter>
    </ClInclude>
    <ClInclude Include="ScsiHandler_CDB12.h">
      <Filter>SCSI_Handlers</Filter>
    </ClInclude>
    <ClInclude Include="ScsiHandler_CDB16.h">
      <Filter>SCSI_Handlers</Filter>
    </ClInclude>
    <ClInclude Include="ScsiHandler_InlineUtils.h">
      <Filter>SCSI_Handlers</Filter>
    </ClInclude>
    <ClInclude Include="MSIX_and_DPC.h">
      <Filter>ISR_and_DPC</Filter>
    </ClInclude>
    <ClInclude Include="StartIo_Handler.h">
      <Filter>StartIo_Handlers</Filter>
    </ClInclude>
    <ClInclude Include="NvmeCommander.h">
      <Filter>Nvme_Handlers</Filter>
    </ClInclude>
    <ClInclude Include="NvmeConstants.h">
      <Filter>Nvme_Device</Filter>
    </ClInclude>
    <ClInclude Include="NvmeEnums.h">
      <Filter>Nvme_Device</Filter>
    </ClInclude>
  </ItemGroup>
</Project>