<?xml version="1.0" encoding="utf-8"?>
<Project ToolsVersion="4.0" xmlns="http://schemas.microsoft.com/developer/msbuild/2003">
  <ItemGroup>
    <Filter Include="Header Files">
      <UniqueIdentifier>{077298cb-7e18-4cb1-842d-653a5585c476}</UniqueIdentifier>
    </Filter>
    <Filter Include="Source Files">
      <UniqueIdentifier>{cfc158ac-577a-4db5-954d-cde4d0ad2a81}</UniqueIdentifier>
    </Filter>
  </ItemGroup>
  <ItemGroup>
    <ClInclude Include="WdmUtils.h">
      <Filter>Header Files</Filter>
    </ClInclude>
    <ClInclude Include="pch.h">
      <Filter>Header Files</Filter>
    </ClInclude>
    <ClInclude Include="Constants.h">
      <Filter>Header Files</Filter>
    </ClInclude>
  </ItemGroup>
  <ItemGroup>
    <ClCompile Include="DebugUtils.cpp">
      <Filter>Source Files</Filter>
    </ClCompile>
    <ClCompile Include="CppSupport.cpp">
      <Filter>Source Files</Filter>
    </ClCompile>
    <ClCompile Include="ScsiDebugFunction.cpp">
      <Filter>Source Files</Filter>
    </ClCompile>
    <ClCompile Include="SrbDebugFunction.cpp.cpp">
      <Filter>Source Files</Filter>
    </ClCompile>
    <ClCompile Include="OS_Utils.cpp">
      <Filter>Source Files</Filter>
    </ClCompile>
    <ClCompile Include="AutoLock.cpp">
      <Filter>Source Files</Filter>
    </ClCompile>
  </ItemGroup>
</Project>